
Microsoft Visual Studio Solution File, Format Version 12.00
# Visual Studio 15
VisualStudioVersion = 15.0.26403.7
MinimumVisualStudioVersion = 10.0.40219.1
Project("{FAE04EC0-301F-11D3-BF4B-00C04F79EFBC}") = "Algorytmy", "Algorytmy\Algorytmy.csproj", "{D1A5F643-5611-4DA9-915A-6505F94436E8}"
EndProject
Global
	GlobalSection(SolutionConfigurationPlatforms) = preSolution
		Debug|Any CPU = Debug|Any CPU
		Release|Any CPU = Release|Any CPU
	EndGlobalSection
	GlobalSection(ProjectConfigurationPlatforms) = postSolution
		{D1A5F643-5611-4DA9-915A-6505F94436E8}.Debug|Any CPU.ActiveCfg = Debug|Any CPU
		{D1A5F643-5611-4DA9-915A-6505F94436E8}.Debug|Any CPU.Build.0 = Debug|Any CPU
		{D1A5F643-5611-4DA9-915A-6505F94436E8}.Release|Any CPU.ActiveCfg = Release|Any CPU
		{D1A5F643-5611-4DA9-915A-6505F94436E8}.Release|Any CPU.Build.0 = Release|Any CPU
	EndGlobalSection
	GlobalSection(SolutionProperties) = preSolution
		HideSolutionNode = FALSE
	EndGlobalSection
EndGlobal
